// !$*UTF8*$!
{
	archiveVersion = 1;
	classes = {
	};
	objectVersion = 46;
	objects = {

/* Begin PBXBuildFile section */
		8A0F9AF81EA00E4800728682 /* AppDelegate.swift in Sources */ = {isa = PBXBuildFile; fileRef = 8A0F9AF71EA00E4800728682 /* AppDelegate.swift */; };
		8A0F9AFA1EA00E4800728682 /* ViewController.swift in Sources */ = {isa = PBXBuildFile; fileRef = 8A0F9AF91EA00E4800728682 /* ViewController.swift */; };
		8A0F9AFD1EA00E4800728682 /* Main.storyboard in Resources */ = {isa = PBXBuildFile; fileRef = 8A0F9AFB1EA00E4800728682 /* Main.storyboard */; };
		8A0F9AFF1EA00E4800728682 /* Assets.xcassets in Resources */ = {isa = PBXBuildFile; fileRef = 8A0F9AFE1EA00E4800728682 /* Assets.xcassets */; };
		8A0F9B021EA00E4800728682 /* LaunchScreen.storyboard in Resources */ = {isa = PBXBuildFile; fileRef = 8A0F9B001EA00E4800728682 /* LaunchScreen.storyboard */; };
		8A0F9B0A1EA00E6B00728682 /* CustomButton.xib in Resources */ = {isa = PBXBuildFile; fileRef = 8A0F9B091EA00E6B00728682 /* CustomButton.xib */; };
		8A0F9B0C1EA00E7500728682 /* CustomButton.swift in Sources */ = {isa = PBXBuildFile; fileRef = 8A0F9B0B1EA00E7500728682 /* CustomButton.swift */; };
		8A0F9B0E1EA00EC000728682 /* UIView+NibLoad.swift in Sources */ = {isa = PBXBuildFile; fileRef = 8A0F9B0D1EA00EC000728682 /* UIView+NibLoad.swift */; };
		8A0F9B121EA1327E00728682 /* UIColor+Brightness.swift in Sources */ = {isa = PBXBuildFile; fileRef = 8A0F9B111EA1327E00728682 /* UIColor+Brightness.swift */; };
/* End PBXBuildFile section */

/* Begin PBXFileReference section */
		8A0F9AF41EA00E4800728682 /* CustomButton.app */ = {isa = PBXFileReference; explicitFileType = wrapper.application; includeInIndex = 0; path = CustomButton.app; sourceTree = BUILT_PRODUCTS_DIR; };
		8A0F9AF71EA00E4800728682 /* AppDelegate.swift */ = {isa = PBXFileReference; lastKnownFileType = sourcecode.swift; path = AppDelegate.swift; sourceTree = "<group>"; };
		8A0F9AF91EA00E4800728682 /* ViewController.swift */ = {isa = PBXFileReference; lastKnownFileType = sourcecode.swift; path = ViewController.swift; sourceTree = "<group>"; };
		8A0F9AFC1EA00E4800728682 /* Base */ = {isa = PBXFileReference; lastKnownFileType = file.storyboard; name = Base; path = Base.lproj/Main.storyboard; sourceTree = "<group>"; };
		8A0F9AFE1EA00E4800728682 /* Assets.xcassets */ = {isa = PBXFileReference; lastKnownFileType = folder.assetcatalog; path = Assets.xcassets; sourceTree = "<group>"; };
		8A0F9B011EA00E4800728682 /* Base */ = {isa = PBXFileReference; lastKnownFileType = file.storyboard; name = Base; path = Base.lproj/LaunchScreen.storyboard; sourceTree = "<group>"; };
		8A0F9B031EA00E4800728682 /* Info.plist */ = {isa = PBXFileReference; lastKnownFileType = text.plist.xml; path = Info.plist; sourceTree = "<group>"; };
		8A0F9B091EA00E6B00728682 /* CustomButton.xib */ = {isa = PBXFileReference; fileEncoding = 4; lastKnownFileType = file.xib; path = CustomButton.xib; sourceTree = "<group>"; };
		8A0F9B0B1EA00E7500728682 /* CustomButton.swift */ = {isa = PBXFileReference; fileEncoding = 4; lastKnownFileType = sourcecode.swift; path = CustomButton.swift; sourceTree = "<group>"; };
		8A0F9B0D1EA00EC000728682 /* UIView+NibLoad.swift */ = {isa = PBXFileReference; fileEncoding = 4; lastKnownFileType = sourcecode.swift; path = "UIView+NibLoad.swift"; sourceTree = "<group>"; };
		8A0F9B111EA1327E00728682 /* UIColor+Brightness.swift */ = {isa = PBXFileReference; fileEncoding = 4; lastKnownFileType = sourcecode.swift; path = "UIColor+Brightness.swift"; sourceTree = "<group>"; };
/* End PBXFileReference section */

/* Begin PBXFrameworksBuildPhase section */
		8A0F9AF11EA00E4800728682 /* Frameworks */ = {
			isa = PBXFrameworksBuildPhase;
			buildActionMask = 2147483647;
			files = (
			);
			runOnlyForDeploymentPostprocessing = 0;
		};
/* End PBXFrameworksBuildPhase section */

/* Begin PBXGroup section */
		8A0F9AEB1EA00E4800728682 = {
			isa = PBXGroup;
			children = (
				8A0F9AF61EA00E4800728682 /* CustomButton */,
				8A0F9AF51EA00E4800728682 /* Products */,
			);
			sourceTree = "<group>";
		};
		8A0F9AF51EA00E4800728682 /* Products */ = {
			isa = PBXGroup;
			children = (
				8A0F9AF41EA00E4800728682 /* CustomButton.app */,
			);
			name = Products;
			sourceTree = "<group>";
		};
		8A0F9AF61EA00E4800728682 /* CustomButton */ = {
			isa = PBXGroup;
			children = (
				8A0F9AF71EA00E4800728682 /* AppDelegate.swift */,
				8A0F9B101EA1326800728682 /* Extensions */,
				8A0F9B0F1EA00EC700728682 /* CustomButton */,
				8A0F9AF91EA00E4800728682 /* ViewController.swift */,
				8A0F9AFB1EA00E4800728682 /* Main.storyboard */,
				8A0F9AFE1EA00E4800728682 /* Assets.xcassets */,
				8A0F9B001EA00E4800728682 /* LaunchScreen.storyboard */,
				8A0F9B031EA00E4800728682 /* Info.plist */,
			);
			path = CustomButton;
			sourceTree = "<group>";
		};
		8A0F9B0F1EA00EC700728682 /* CustomButton */ = {
			isa = PBXGroup;
			children = (
				8A0F9B0D1EA00EC000728682 /* UIView+NibLoad.swift */,
				8A0F9B091EA00E6B00728682 /* CustomButton.xib */,
				8A0F9B0B1EA00E7500728682 /* CustomButton.swift */,
			);
			name = CustomButton;
			sourceTree = "<group>";
		};
		8A0F9B101EA1326800728682 /* Extensions */ = {
			isa = PBXGroup;
			children = (
				8A0F9B111EA1327E00728682 /* UIColor+Brightness.swift */,
			);
			name = Extensions;
			sourceTree = "<group>";
		};
/* End PBXGroup section */

/* Begin PBXNativeTarget section */
		8A0F9AF31EA00E4800728682 /* CustomButton */ = {
			isa = PBXNativeTarget;
			buildConfigurationList = 8A0F9B061EA00E4800728682 /* Build configuration list for PBXNativeTarget "CustomButton" */;
			buildPhases = (
				8A0F9AF01EA00E4800728682 /* Sources */,
				8A0F9AF11EA00E4800728682 /* Frameworks */,
				8A0F9AF21EA00E4800728682 /* Resources */,
			);
			buildRules = (
			);
			dependencies = (
			);
			name = CustomButton;
			productName = CustomButton;
			productReference = 8A0F9AF41EA00E4800728682 /* CustomButton.app */;
			productType = "com.apple.product-type.application";
		};
/* End PBXNativeTarget section */

/* Begin PBXProject section */
		8A0F9AEC1EA00E4800728682 /* Project object */ = {
			isa = PBXProject;
			attributes = {
				LastSwiftUpdateCheck = 0830;
				LastUpgradeCheck = 0830;
				ORGANIZATIONNAME = "Kirill Averyanov";
				TargetAttributes = {
					8A0F9AF31EA00E4800728682 = {
						CreatedOnToolsVersion = 8.3.1;
						DevelopmentTeam = KH2KDZEEE3;
						ProvisioningStyle = Automatic;
					};
				};
			};
			buildConfigurationList = 8A0F9AEF1EA00E4800728682 /* Build configuration list for PBXProject "CustomButton" */;
			compatibilityVersion = "Xcode 3.2";
			developmentRegion = English;
			hasScannedForEncodings = 0;
			knownRegions = (
				en,
				Base,
			);
			mainGroup = 8A0F9AEB1EA00E4800728682;
			productRefGroup = 8A0F9AF51EA00E4800728682 /* Products */;
			projectDirPath = "";
			projectRoot = "";
			targets = (
				8A0F9AF31EA00E4800728682 /* CustomButton */,
			);
		};
/* End PBXProject section */

/* Begin PBXResourcesBuildPhase section */
		8A0F9AF21EA00E4800728682 /* Resources */ = {
			isa = PBXResourcesBuildPhase;
			buildActionMask = 2147483647;
			files = (
				8A0F9B0A1EA00E6B00728682 /* CustomButton.xib in Resources */,
				8A0F9B021EA00E4800728682 /* LaunchScreen.storyboard in Resources */,
				8A0F9AFF1EA00E4800728682 /* Assets.xcassets in Resources */,
				8A0F9AFD1EA00E4800728682 /* Main.storyboard in Resources */,
			);
			runOnlyForDeploymentPostprocessing = 0;
		};
/* End PBXResourcesBuildPhase section */

/* Begin PBXSourcesBuildPhase section */
		8A0F9AF01EA00E4800728682 /* Sources */ = {
			isa = PBXSourcesBuildPhase;
			buildActionMask = 2147483647;
			files = (
				8A0F9B0E1EA00EC000728682 /* UIView+NibLoad.swift in Sources */,
				8A0F9AFA1EA00E4800728682 /* ViewController.swift in Sources */,
				8A0F9AF81EA00E4800728682 /* AppDelegate.swift in Sources */,
				8A0F9B0C1EA00E7500728682 /* CustomButton.swift in Sources */,
				8A0F9B121EA1327E00728682 /* UIColor+Brightness.swift in Sources */,
			);
			runOnlyForDeploymentPostprocessing = 0;
		};
/* End PBXSourcesBuildPhase section */

/* Begin PBXVariantGroup section */
		8A0F9AFB1EA00E4800728682 /* Main.storyboard */ = {
			isa = PBXVariantGroup;
			children = (
				8A0F9AFC1EA00E4800728682 /* Base */,
			);
			name = Main.storyboard;
			sourceTree = "<group>";
		};
		8A0F9B001EA00E4800728682 /* LaunchScreen.storyboard */ = {
			isa = PBXVariantGroup;
			children = (
				8A0F9B011EA00E4800728682 /* Base */,
			);
			name = LaunchScreen.storyboard;
			sourceTree = "<group>";
		};
/* End PBXVariantGroup section */

/* Begin XCBuildConfiguration section */
		8A0F9B041EA00E4800728682 /* Debug */ = {
			isa = XCBuildConfiguration;
			buildSettings = {
				ALWAYS_SEARCH_USER_PATHS = NO;
				CLANG_ANALYZER_NONNULL = YES;
				CLANG_ANALYZER_NUMBER_OBJECT_CONVERSION = YES_AGGRESSIVE;
				CLANG_CXX_LANGUAGE_STANDARD = "gnu++0x";
				CLANG_CXX_LIBRARY = "libc++";
				CLANG_ENABLE_MODULES = YES;
				CLANG_ENABLE_OBJC_ARC = YES;
				CLANG_WARN_BOOL_CONVERSION = YES;
				CLANG_WARN_CONSTANT_CONVERSION = YES;
				CLANG_WARN_DIRECT_OBJC_ISA_USAGE = YES_ERROR;
				CLANG_WARN_DOCUMENTATION_COMMENTS = YES;
				CLANG_WARN_EMPTY_BODY = YES;
				CLANG_WARN_ENUM_CONVERSION = YES;
				CLANG_WARN_INFINITE_RECURSION = YES;
				CLANG_WARN_INT_CONVERSION = YES;
				CLANG_WARN_OBJC_ROOT_CLASS = YES_ERROR;
				CLANG_WARN_SUSPICIOUS_MOVE = YES;
				CLANG_WARN_UNREACHABLE_CODE = YES;
				CLANG_WARN__DUPLICATE_METHOD_MATCH = YES;
				"CODE_SIGN_IDENTITY[sdk=iphoneos*]" = "iPhone Developer";
				COPY_PHASE_STRIP = NO;
				DEBUG_INFORMATION_FORMAT = dwarf;
				ENABLE_STRICT_OBJC_MSGSEND = YES;
				ENABLE_TESTABILITY = YES;
				GCC_C_LANGUAGE_STANDARD = gnu99;
				GCC_DYNAMIC_NO_PIC = NO;
				GCC_NO_COMMON_BLOCKS = YES;
				GCC_OPTIMIZATION_LEVEL = 0;
				GCC_PREPROCESSOR_DEFINITIONS = (
					"DEBUG=1",
					"$(inherited)",
				);
				GCC_WARN_64_TO_32_BIT_CONVERSION = YES;
				GCC_WARN_ABOUT_RETURN_TYPE = YES_ERROR;
				GCC_WARN_UNDECLARED_SELECTOR = YES;
				GCC_WARN_UNINITIALIZED_AUTOS = YES_AGGRESSIVE;
				GCC_WARN_UNUSED_FUNCTION = YES;
				GCC_WARN_UNUSED_VARIABLE = YES;
				IPHONEOS_DEPLOYMENT_TARGET = 10.3;
				MTL_ENABLE_DEBUG_INFO = YES;
				ONLY_ACTIVE_ARCH = YES;
				SDKROOT = iphoneos;
				SWIFT_ACTIVE_COMPILATION_CONDITIONS = DEBUG;
				SWIFT_OPTIMIZATION_LEVEL = "-Onone";
				TARGETED_DEVICE_FAMILY = "1,2";
			};
			name = Debug;
		};
		8A0F9B051EA00E4800728682 /* Release */ = {
			isa = XCBuildConfiguration;
			buildSettings = {
				ALWAYS_SEARCH_USER_PATHS = NO;
				CLANG_ANALYZER_NONNULL = YES;
				CLANG_ANALYZER_NUMBER_OBJECT_CONVERSION = YES_AGGRESSIVE;
				CLANG_CXX_LANGUAGE_STANDARD = "gnu++0x";
				CLANG_CXX_LIBRARY = "libc++";
				CLANG_ENABLE_MODULES = YES;
				CLANG_ENABLE_OBJC_ARC = YES;
				CLANG_WARN_BOOL_CONVERSION = YES;
				CLANG_WARN_CONSTANT_CONVERSION = YES;
				CLANG_WARN_DIRECT_OBJC_ISA_USAGE = YES_ERROR;
				CLANG_WARN_DOCUMENTATION_COMMENTS = YES;
				CLANG_WARN_EMPTY_BODY = YES;
				CLANG_WARN_ENUM_CONVERSION = YES;
				CLANG_WARN_INFINITE_RECURSION = YES;
				CLANG_WARN_INT_CONVERSION = YES;
				CLANG_WARN_OBJC_ROOT_CLASS = YES_ERROR;
				CLANG_WARN_SUSPICIOUS_MOVE = YES;
				CLANG_WARN_UNREACHABLE_CODE = YES;
				CLANG_WARN__DUPLICATE_METHOD_MATCH = YES;
				"CODE_SIGN_IDENTITY[sdk=iphoneos*]" = "iPhone Developer";
				COPY_PHASE_STRIP = NO;
				DEBUG_INFORMATION_FORMAT = "dwarf-with-dsym";
				ENABLE_NS_ASSERTIONS = NO;
				ENABLE_STRICT_OBJC_MSGSEND = YES;
				GCC_C_LANGUAGE_STANDARD = gnu99;
				GCC_NO_COMMON_BLOCKS = YES;
				GCC_WARN_64_TO_32_BIT_CONVERSION = YES;
				GCC_WARN_ABOUT_RETURN_TYPE = YES_ERROR;
				GCC_WARN_UNDECLARED_SELECTOR = YES;
				GCC_WARN_UNINITIALIZED_AUTOS = YES_AGGRESSIVE;
				GCC_WARN_UNUSED_FUNCTION = YES;
				GCC_WARN_UNUSED_VARIABLE = YES;
				IPHONEOS_DEPLOYMENT_TARGET = 10.3;
				MTL_ENABLE_DEBUG_INFO = NO;
				SDKROOT = iphoneos;
				SWIFT_OPTIMIZATION_LEVEL = "-Owholemodule";
				TARGETED_DEVICE_FAMILY = "1,2";
				VALIDATE_PRODUCT = YES;
			};
			name = Release;
		};
		8A0F9B071EA00E4800728682 /* Debug */ = {
			isa = XCBuildConfiguration;
			buildSettings = {
				ASSETCATALOG_COMPILER_APPICON_NAME = AppIcon;
				DEVELOPMENT_TEAM = KH2KDZEEE3;
				INFOPLIST_FILE = CustomButton/Info.plist;
				LD_RUNPATH_SEARCH_PATHS = "$(inherited) @executable_path/Frameworks";
				PRODUCT_BUNDLE_IDENTIFIER = com.kirillzzy.CustomButton;
				PRODUCT_NAME = "$(TARGET_NAME)";
				SWIFT_VERSION = 3.0;
			};
			name = Debug;
		};
		8A0F9B081EA00E4800728682 /* Release */ = {
			isa = XCBuildConfiguration;
			buildSettings = {
				ASSETCATALOG_COMPILER_APPICON_NAME = AppIcon;
				DEVELOPMENT_TEAM = KH2KDZEEE3;
				INFOPLIST_FILE = CustomButton/Info.plist;
				LD_RUNPATH_SEARCH_PATHS = "$(inherited) @executable_path/Frameworks";
				PRODUCT_BUNDLE_IDENTIFIER = com.kirillzzy.CustomButton;
				PRODUCT_NAME = "$(TARGET_NAME)";
				SWIFT_VERSION = 3.0;
			};
			name = Release;
		};
/* End XCBuildConfiguration section */

/* Begin XCConfigurationList section */
		8A0F9AEF1EA00E4800728682 /* Build configuration list for PBXProject "CustomButton" */ = {
			isa = XCConfigurationList;
			buildConfigurations = (
				8A0F9B041EA00E4800728682 /* Debug */,
				8A0F9B051EA00E4800728682 /* Release */,
			);
			defaultConfigurationIsVisible = 0;
			defaultConfigurationName = Release;
		};
		8A0F9B061EA00E4800728682 /* Build configuration list for PBXNativeTarget "CustomButton" */ = {
			isa = XCConfigurationList;
			buildConfigurations = (
				8A0F9B071EA00E4800728682 /* Debug */,
				8A0F9B081EA00E4800728682 /* Release */,
			);
			defaultConfigurationIsVisible = 0;
			defaultConfigurationName = Release;
		};
/* End XCConfigurationList section */
	};
	rootObject = 8A0F9AEC1EA00E4800728682 /* Project object */;
}
